
Microsoft Visual Studio Solution File, Format Version 12.00
# Visual Studio Version 17
VisualStudioVersion = 17.14.36518.9
MinimumVisualStudioVersion = 10.0.40219.1
Project("{FAE04EC0-301F-11D3-BF4B-00C04F79EFBC}") = "cpike.Setup.Middleware", "cpike.Setup.Middleware\cpike.Setup.Middleware.csproj", "{44C81987-45E1-45B6-99D3-42BF43EBAFEC}"
EndProject
Project("{FAE04EC0-301F-11D3-BF4B-00C04F79EFBC}") = "cpike.Setup.Middleware.Tester", "cpike.Setup.Middleware.Tester\cpike.Setup.Middleware.Tester.csproj", "{4D936383-2974-4E06-28D2-63CA9B75A07A}"
EndProject
Global
	GlobalSection(SolutionConfigurationPlatforms) = preSolution
		Debug|Any CPU = Debug|Any CPU
		Release|Any CPU = Release|Any CPU
	EndGlobalSection
	GlobalSection(ProjectConfigurationPlatforms) = postSolution
		{44C81987-45E1-45B6-99D3-42BF43EBAFEC}.Debug|Any CPU.ActiveCfg = Debug|Any CPU
		{44C81987-45E1-45B6-99D3-42BF43EBAFEC}.Debug|Any CPU.Build.0 = Debug|Any CPU
		{44C81987-45E1-45B6-99D3-42BF43EBAFEC}.Release|Any CPU.ActiveCfg = Release|Any CPU
		{44C81987-45E1-45B6-99D3-42BF43EBAFEC}.Release|Any CPU.Build.0 = Release|Any CPU
		{4D936383-2974-4E06-28D2-63CA9B75A07A}.Debug|Any CPU.ActiveCfg = Debug|Any CPU
		{4D936383-2974-4E06-28D2-63CA9B75A07A}.Debug|Any CPU.Build.0 = Debug|Any CPU
		{4D936383-2974-4E06-28D2-63CA9B75A07A}.Release|Any CPU.ActiveCfg = Release|Any CPU
		{4D936383-2974-4E06-28D2-63CA9B75A07A}.Release|Any CPU.Build.0 = Release|Any CPU
	EndGlobalSection
	GlobalSection(SolutionProperties) = preSolution
		HideSolutionNode = FALSE
	EndGlobalSection
	GlobalSection(ExtensibilityGlobals) = postSolution
		SolutionGuid = {9BC81E12-7F8C-4A54-87F0-506A891AC6F0}
	EndGlobalSection
EndGlobal
